
Microsoft Visual Studio Solution File, Format Version 12.00
# Visual Studio Version 17
VisualStudioVersion = 17.8.34309.116
MinimumVisualStudioVersion = 10.0.40219.1
Project("{FAE04EC0-301F-11D3-BF4B-00C04F79EFBC}") = "Entities", "Entities\Entities.csproj", "{82B73006-D97E-47E6-8210-90C6D100F615}"
EndProject
Project("{FAE04EC0-301F-11D3-BF4B-00C04F79EFBC}") = "Presentation", "Presentation\Presentation.csproj", "{B8DCB05F-347E-44A6-BF5F-119384DCCB40}"
EndProject
Project("{FAE04EC0-301F-11D3-BF4B-00C04F79EFBC}") = "Repositories", "Repositories\Repositories.csproj", "{734BDE08-E17A-4C0A-BD1E-30FB82C824D2}"
EndProject
Project("{FAE04EC0-301F-11D3-BF4B-00C04F79EFBC}") = "Services", "Services\Services.csproj", "{B41EE040-45B4-473F-9DA2-2B556C0A42B5}"
EndProject
Project("{FAE04EC0-301F-11D3-BF4B-00C04F79EFBC}") = "WebAPI", "WebAPI\WebAPI.csproj", "{22AC2178-864E-402F-846B-5A2CF834DBB9}"
EndProject
Global
	GlobalSection(SolutionConfigurationPlatforms) = preSolution
		Debug|Any CPU = Debug|Any CPU
		Release|Any CPU = Release|Any CPU
	EndGlobalSection
	GlobalSection(ProjectConfigurationPlatforms) = postSolution
		{82B73006-D97E-47E6-8210-90C6D100F615}.Debug|Any CPU.ActiveCfg = Debug|Any CPU
		{82B73006-D97E-47E6-8210-90C6D100F615}.Debug|Any CPU.Build.0 = Debug|Any CPU
		{82B73006-D97E-47E6-8210-90C6D100F615}.Release|Any CPU.ActiveCfg = Release|Any CPU
		{82B73006-D97E-47E6-8210-90C6D100F615}.Release|Any CPU.Build.0 = Release|Any CPU
		{B8DCB05F-347E-44A6-BF5F-119384DCCB40}.Debug|Any CPU.ActiveCfg = Debug|Any CPU
		{B8DCB05F-347E-44A6-BF5F-119384DCCB40}.Debug|Any CPU.Build.0 = Debug|Any CPU
		{B8DCB05F-347E-44A6-BF5F-119384DCCB40}.Release|Any CPU.ActiveCfg = Release|Any CPU
		{B8DCB05F-347E-44A6-BF5F-119384DCCB40}.Release|Any CPU.Build.0 = Release|Any CPU
		{734BDE08-E17A-4C0A-BD1E-30FB82C824D2}.Debug|Any CPU.ActiveCfg = Debug|Any CPU
		{734BDE08-E17A-4C0A-BD1E-30FB82C824D2}.Debug|Any CPU.Build.0 = Debug|Any CPU
		{734BDE08-E17A-4C0A-BD1E-30FB82C824D2}.Release|Any CPU.ActiveCfg = Release|Any CPU
		{734BDE08-E17A-4C0A-BD1E-30FB82C824D2}.Release|Any CPU.Build.0 = Release|Any CPU
		{B41EE040-45B4-473F-9DA2-2B556C0A42B5}.Debug|Any CPU.ActiveCfg = Debug|Any CPU
		{B41EE040-45B4-473F-9DA2-2B556C0A42B5}.Debug|Any CPU.Build.0 = Debug|Any CPU
		{B41EE040-45B4-473F-9DA2-2B556C0A42B5}.Release|Any CPU.ActiveCfg = Release|Any CPU
		{B41EE040-45B4-473F-9DA2-2B556C0A42B5}.Release|Any CPU.Build.0 = Release|Any CPU
		{22AC2178-864E-402F-846B-5A2CF834DBB9}.Debug|Any CPU.ActiveCfg = Debug|Any CPU
		{22AC2178-864E-402F-846B-5A2CF834DBB9}.Debug|Any CPU.Build.0 = Debug|Any CPU
		{22AC2178-864E-402F-846B-5A2CF834DBB9}.Release|Any CPU.ActiveCfg = Release|Any CPU
		{22AC2178-864E-402F-846B-5A2CF834DBB9}.Release|Any CPU.Build.0 = Release|Any CPU
	EndGlobalSection
	GlobalSection(SolutionProperties) = preSolution
		HideSolutionNode = FALSE
	EndGlobalSection
	GlobalSection(ExtensibilityGlobals) = postSolution
		SolutionGuid = {21C9F1B4-A876-4F29-A6D1-8CA83CABBC4B}
	EndGlobalSection
EndGlobal
